{
  "name": "@merkleworks/x402-skills",
  "version": "0.1.4",
  "lockfileVersion": 3,
  "requires": true,
  "packages": {
    "": {
      "name": "@merkleworks/x402-skills",
      "version": "0.1.4",
      "license": "MIT",
      "dependencies": {
        "@merkleworks/x402-skills": "^0.1.0"
      },
      "bin": {
        "x402-skills": "cli/index.js"
      }
    },
    "node_modules/@merkleworks/x402-skills": {
      "version": "0.1.0",
      "resolved": "https://registry.npmjs.org/@merkleworks/x402-skills/-/x402-skills-0.1.0.tgz",
      "integrity": "sha512-X6E8XWC0jkKHV/tl+oeAvjbHDG+B2OWDJo7s+bl5VP0gC2TMpfV9wzPlWeDvO+SH10PelRK7m6HPYA7DPIRvJw==",
      "license": "MIT",
      "bin": {
        "x402-skills": "cli/index.js"
      }
    }
  }
}
